
Microsoft Visual Studio Solution File, Format Version 12.00
# Visual Studio Version 17
VisualStudioVersion = 17.2.32630.192
MinimumVisualStudioVersion = 10.0.40219.1
Project("{FAE04EC0-301F-11D3-BF4B-00C04F79EFBC}") = "ClockClass", "ClockClass\ClockClass.csproj", "{0E90E200-3609-46A1-8197-2B0B9AF6FA1F}"
EndProject
Project("{FAE04EC0-301F-11D3-BF4B-00C04F79EFBC}") = "ClockTests", "ClockTests\ClockTests.csproj", "{216CD835-D7A5-4B17-83AB-247FFB7EA267}"
EndProject
Global
	GlobalSection(SolutionConfigurationPlatforms) = preSolution
		Debug|Any CPU = Debug|Any CPU
		Release|Any CPU = Release|Any CPU
	EndGlobalSection
	GlobalSection(ProjectConfigurationPlatforms) = postSolution
		{0E90E200-3609-46A1-8197-2B0B9AF6FA1F}.Debug|Any CPU.ActiveCfg = Debug|Any CPU
		{0E90E200-3609-46A1-8197-2B0B9AF6FA1F}.Debug|Any CPU.Build.0 = Debug|Any CPU
		{0E90E200-3609-46A1-8197-2B0B9AF6FA1F}.Release|Any CPU.ActiveCfg = Release|Any CPU
		{0E90E200-3609-46A1-8197-2B0B9AF6FA1F}.Release|Any CPU.Build.0 = Release|Any CPU
		{216CD835-D7A5-4B17-83AB-247FFB7EA267}.Debug|Any CPU.ActiveCfg = Debug|Any CPU
		{216CD835-D7A5-4B17-83AB-247FFB7EA267}.Debug|Any CPU.Build.0 = Debug|Any CPU
		{216CD835-D7A5-4B17-83AB-247FFB7EA267}.Release|Any CPU.ActiveCfg = Release|Any CPU
		{216CD835-D7A5-4B17-83AB-247FFB7EA267}.Release|Any CPU.Build.0 = Release|Any CPU
	EndGlobalSection
	GlobalSection(SolutionProperties) = preSolution
		HideSolutionNode = FALSE
	EndGlobalSection
	GlobalSection(ExtensibilityGlobals) = postSolution
		SolutionGuid = {2E101E58-3599-426F-A87A-253E25249A4C}
	EndGlobalSection
EndGlobal
